# This file is automatically @generated by Poetry 2.1.2 and should not be changed by hand.

[[package]]
name = "altgraph"
version = "0.17.4"
description = "Python graph (network) package"
optional = false
python-versions = "*"
groups = ["main"]
files = [
    {file = "altgraph-0.17.4-py2.py3-none-any.whl", hash = "sha256:642743b4750de17e655e6711601b077bc6598dbfa3ba5fa2b2a35ce12b508dff"},
    {file = "altgraph-0.17.4.tar.gz", hash = "sha256:1b5afbb98f6c4dcadb2e2ae6ab9fa994bbb8c1d75f4fa96d340f9437ae454406"},
]

[[package]]
name = "colorama"
version = "0.4.6"
description = "Cross-platform colored terminal text."
optional = false
python-versions = "!=3.0.*,!=3.1.*,!=3.2.*,!=3.3.*,!=3.4.*,!=3.5.*,!=3.6.*,>=2.7"
groups = ["main"]
markers = "sys_platform == \"win32\""
files = [
    {file = "colorama-0.4.6-py2.py3-none-any.whl", hash = "sha256:4f1d9991f5acc0ca119f9d443620b77f9d6b33703e51011c16baf57afb285fc6"},
    {file = "colorama-0.4.6.tar.gz", hash = "sha256:08695f5cb7ed6e0531a20572697297273c47b8cae5a63ffc6d6ed5c201be6e44"},
]

[[package]]
name = "iniconfig"
version = "2.1.0"
description = "brain-dead simple config-ini parsing"
optional = false
python-versions = ">=3.8"
groups = ["main"]
files = [
    {file = "iniconfig-2.1.0-py3-none-any.whl", hash = "sha256:9deba5723312380e77435581c6bf4935c94cbfab9b1ed33ef8d238ea168eb760"},
    {file = "iniconfig-2.1.0.tar.gz", hash = "sha256:3abbd2e30b36733fee78f9c7f7308f2d0050e88f0087fd25c2645f63c773e1c7"},
]

[[package]]
name = "macholib"
version = "1.16.3"
description = "Mach-O header analysis and editing"
optional = false
python-versions = "*"
groups = ["main"]
markers = "sys_platform == \"darwin\""
files = [
    {file = "macholib-1.16.3-py2.py3-none-any.whl", hash = "sha256:0e315d7583d38b8c77e815b1ecbdbf504a8258d8b3e17b61165c6feb60d18f2c"},
    {file = "macholib-1.16.3.tar.gz", hash = "sha256:07ae9e15e8e4cd9a788013d81f5908b3609aa76f9b1421bae9c4d7606ec86a30"},
]

[package.dependencies]
altgraph = ">=0.17"

[[package]]
name = "packaging"
version = "25.0"
description = "Core utilities for Python packages"
optional = false
python-versions = ">=3.8"
groups = ["main"]
files = [
    {file = "packaging-25.0-py3-none-any.whl", hash = "sha256:29572ef2b1f17581046b3a2227d5c611fb25ec70ca1ba8554b24b0e69331a484"},
    {file = "packaging-25.0.tar.gz", hash = "sha256:d443872c98d677bf60f6a1f2f8c1cb748e8fe762d2bf9d3148b5599295b0fc4f"},
]

[[package]]
name = "pefile"
version = "2023.2.7"
description = "Python PE parsing module"
optional = false
python-versions = ">=3.6.0"
groups = ["main"]
markers = "sys_platform == \"win32\""
files = [
    {file = "pefile-2023.2.7-py3-none-any.whl", hash = "sha256:da185cd2af68c08a6cd4481f7325ed600a88f6a813bad9dea07ab3ef73d8d8d6"},
    {file = "pefile-2023.2.7.tar.gz", hash = "sha256:82e6114004b3d6911c77c3953e3838654b04511b8b66e8583db70c65998017dc"},
]

[[package]]
name = "pluggy"
version = "1.6.0"
description = "plugin and hook calling mechanisms for python"
optional = false
python-versions = ">=3.9"
groups = ["main"]
files = [
    {file = "pluggy-1.6.0-py3-none-any.whl", hash = "sha256:e920276dd6813095e9377c0bc5566d94c932c33b27a3e3945d8389c374dd4746"},
    {file = "pluggy-1.6.0.tar.gz", hash = "sha256:7dcc130b76258d33b90f61b658791dede3486c3e6bfb003ee5c9bfb396dd22f3"},
]

[package.extras]
dev = ["pre-commit", "tox"]
testing = ["coverage", "pytest", "pytest-benchmark"]

[[package]]
name = "pygments"
version = "2.19.2"
description = "Pygments is a syntax highlighting package written in Python."
optional = false
python-versions = ">=3.8"
groups = ["main"]
files = [
    {file = "pygments-2.19.2-py3-none-any.whl", hash = "sha256:86540386c03d588bb81d44bc3928634ff26449851e99741617ecb9037ee5ec0b"},
    {file = "pygments-2.19.2.tar.gz", hash = "sha256:636cb2477cec7f8952536970bc533bc43743542f70392ae026374600add5b887"},
]

[package.extras]
windows-terminal = ["colorama (>=0.4.6)"]

[[package]]
name = "pyinstaller"
version = "6.14.1"
description = "PyInstaller bundles a Python application and all its dependencies into a single package."
optional = false
python-versions = "<3.14,>=3.8"
groups = ["main"]
files = [
    {file = "pyinstaller-6.14.1-py3-none-macosx_10_13_universal2.whl", hash = "sha256:da559cfe4f7a20a7ebdafdf12ea2a03ea94d3caa49736ef53ee2c155d78422c9"},
    {file = "pyinstaller-6.14.1-py3-none-manylinux2014_aarch64.whl", hash = "sha256:f040d1e3d42af3730104078d10d4a8ca3350bd1c78de48f12e1b26f761e0cbc3"},
    {file = "pyinstaller-6.14.1-py3-none-manylinux2014_i686.whl", hash = "sha256:7b8813fb2d5a82ef4ceffc342ed9a11a6fc1ef21e68e833dbd8fedb8a188d3f5"},
    {file = "pyinstaller-6.14.1-py3-none-manylinux2014_ppc64le.whl", hash = "sha256:e2cfdbc6dd41d19872054fc233da18856ec422a7fdea899b6985ae04f980376a"},
    {file = "pyinstaller-6.14.1-py3-none-manylinux2014_s390x.whl", hash = "sha256:a4d53b3ecb5786b097b79bda88c4089186fc1498ef7eaa6cee57599ae459241e"},
    {file = "pyinstaller-6.14.1-py3-none-manylinux2014_x86_64.whl", hash = "sha256:c48dd257f77f61ebea2d1fdbaf11243730f2271873c88d3b5ecb7869525d3bcb"},
    {file = "pyinstaller-6.14.1-py3-none-musllinux_1_1_aarch64.whl", hash = "sha256:5b05cbb2ffc033b4681268159b82bac94b875475c339603c7e605f00a73c8746"},
    {file = "pyinstaller-6.14.1-py3-none-musllinux_1_1_x86_64.whl", hash = "sha256:d5fd73757c8ea9adb2f9c1f81656335ba9890029ede3031835d768fde36e89f0"},
    {file = "pyinstaller-6.14.1-py3-none-win32.whl", hash = "sha256:547f7a93592e408cbfd093ce9fd9631215387dab0dbf3130351d3b0b1186a534"},
    {file = "pyinstaller-6.14.1-py3-none-win_amd64.whl", hash = "sha256:0794290b4b56ef9d35858334deb29f36ec1e1f193b0f825212a0aa5a1bec5a2f"},
    {file = "pyinstaller-6.14.1-py3-none-win_arm64.whl", hash = "sha256:d9d99695827f892cb19644106da30681363e8ff27b8326ac8416d62890ab9c74"},
    {file = "pyinstaller-6.14.1.tar.gz", hash = "sha256:35d5c06a668e21f0122178dbf20e40fd21012dc8f6170042af6050c4e7b3edca"},
]

[package.dependencies]
altgraph = "*"
macholib = {version = ">=1.8", markers = "sys_platform == \"darwin\""}
packaging = ">=22.0"
pefile = {version = ">=2022.5.30,<2024.8.26 || >2024.8.26", markers = "sys_platform == \"win32\""}
pyinstaller-hooks-contrib = ">=2025.4"
pywin32-ctypes = {version = ">=0.2.1", markers = "sys_platform == \"win32\""}
setuptools = ">=42.0.0"

[package.extras]
completion = ["argcomplete"]
hook-testing = ["execnet (>=1.5.0)", "psutil", "pytest (>=2.7.3)"]

[[package]]
name = "pyinstaller-hooks-contrib"
version = "2025.5"
description = "Community maintained hooks for PyInstaller"
optional = false
python-versions = ">=3.8"
groups = ["main"]
files = [
    {file = "pyinstaller_hooks_contrib-2025.5-py3-none-any.whl", hash = "sha256:ebfae1ba341cb0002fb2770fad0edf2b3e913c2728d92df7ad562260988ca373"},
    {file = "pyinstaller_hooks_contrib-2025.5.tar.gz", hash = "sha256:707386770b8fe066c04aad18a71bc483c7b25e18b4750a756999f7da2ab31982"},
]

[package.dependencies]
packaging = ">=22.0"
setuptools = ">=42.0.0"

[[package]]
name = "pyqt6"
version = "6.9.1"
description = "Python bindings for the Qt cross platform application toolkit"
optional = false
python-versions = ">=3.9"
groups = ["main"]
files = [
    {file = "pyqt6-6.9.1-cp39-abi3-macosx_10_14_universal2.whl", hash = "sha256:33c23d28f6608747ecc8bfd04c8795f61631af9db4fb1e6c2a7523ec4cc916d9"},
    {file = "pyqt6-6.9.1-cp39-abi3-manylinux_2_28_x86_64.whl", hash = "sha256:37884df27f774e2e1c0c96fa41e817a222329b80ffc6241725b0dc8c110acb35"},
    {file = "pyqt6-6.9.1-cp39-abi3-manylinux_2_39_aarch64.whl", hash = "sha256:055870b703c1a49ca621f8a89e2ec4d848e6c739d39367eb9687af3b056d9aa3"},
    {file = "pyqt6-6.9.1-cp39-abi3-win_amd64.whl", hash = "sha256:15b95bd273bb6288b070ed7a9503d5ff377aa4882dd6d175f07cad28cdb21da0"},
    {file = "pyqt6-6.9.1-cp39-abi3-win_arm64.whl", hash = "sha256:08792c72d130a02e3248a120f0b9bbb4bf4319095f92865bc5b365b00518f53d"},
    {file = "pyqt6-6.9.1.tar.gz", hash = "sha256:50642be03fb40f1c2111a09a1f5a0f79813e039c15e78267e6faaf8a96c1c3a6"},
]

[package.dependencies]
PyQt6-Qt6 = ">=6.9.0,<6.10.0"
PyQt6-sip = ">=13.8,<14"

[[package]]
name = "pyqt6-qt6"
version = "6.9.1"
description = "The subset of a Qt installation needed by PyQt6."
optional = false
python-versions = "*"
groups = ["main"]
files = [
    {file = "pyqt6_qt6-6.9.1-py3-none-macosx_10_14_x86_64.whl", hash = "sha256:3854c7f83ee4e8c2d91e23ab88b77f90e2ca7ace34fe72f634a446959f2b4d4a"},
    {file = "pyqt6_qt6-6.9.1-py3-none-macosx_11_0_arm64.whl", hash = "sha256:123e4aeb037c099bb4696a3ea8edcb1d9d62cedd0b2b950556b26024c97f3293"},
    {file = "pyqt6_qt6-6.9.1-py3-none-manylinux_2_28_x86_64.whl", hash = "sha256:cc5bd193ebd2d1a3ec66e1eee65bf532d762c239459bce1ecebf56177243e89b"},
    {file = "pyqt6_qt6-6.9.1-py3-none-manylinux_2_39_aarch64.whl", hash = "sha256:b065af7243d1d450a49470a8185301196a18b1d41085d3ef476eb55bbb225083"},
    {file = "pyqt6_qt6-6.9.1-py3-none-win_amd64.whl", hash = "sha256:f9e54c424bc921ecb76792a75d123e4ecfc26b00b0c57dae526f41f1d57951d3"},
    {file = "pyqt6_qt6-6.9.1-py3-none-win_arm64.whl", hash = "sha256:432caaedf5570bc8a9b7c75bc6af6a26bf88589536472eca73417ac019f59d41"},
]

[[package]]
name = "pyqt6-sip"
version = "13.10.2"
description = "The sip module support for PyQt6"
optional = false
python-versions = ">=3.9"
groups = ["main"]
files = [
    {file = "pyqt6_sip-13.10.2-cp310-cp310-macosx_10_9_universal2.whl", hash = "sha256:8132ec1cbbecc69d23dcff23916ec07218f1a9bbbc243bf6f1df967117ce303e"},
    {file = "pyqt6_sip-13.10.2-cp310-cp310-manylinux_2_17_aarch64.manylinux2014_aarch64.whl", hash = "sha256:07f77e89d93747dda71b60c3490b00d754451729fbcbcec840e42084bf061655"},
    {file = "pyqt6_sip-13.10.2-cp310-cp310-manylinux_2_5_x86_64.manylinux1_x86_64.whl", hash = "sha256:4ffa71ddff6ef031d52cd4f88b8bba08b3516313c023c7e5825cf4a0ba598712"},
    {file = "pyqt6_sip-13.10.2-cp310-cp310-win_amd64.whl", hash = "sha256:e907394795e61f1174134465c889177f584336a98d7a10beade2437bf5942244"},
    {file = "pyqt6_sip-13.10.2-cp311-cp311-macosx_10_9_universal2.whl", hash = "sha256:1a6c2f168773af9e6c7ef5e52907f16297d4efd346e4c958eda54ea9135be18e"},
    {file = "pyqt6_sip-13.10.2-cp311-cp311-manylinux_2_17_aarch64.manylinux2014_aarch64.whl", hash = "sha256:b1d3cc9015a1bd8c8d3e86a009591e897d4d46b0c514aede7d2970a2208749cd"},
    {file = "pyqt6_sip-13.10.2-cp311-cp311-manylinux_2_5_x86_64.manylinux1_x86_64.whl", hash = "sha256:ddd578a8d975bfb5fef83751829bf09a97a1355fa1de098e4fb4d1b74ee872fc"},
    {file = "pyqt6_sip-13.10.2-cp311-cp311-win_amd64.whl", hash = "sha256:061d4a2eb60a603d8be7db6c7f27eb29d9cea97a09aa4533edc1662091ce4f03"},
    {file = "pyqt6_sip-13.10.2-cp311-cp311-win_arm64.whl", hash = "sha256:45ac06f0380b7aa4fcffd89f9e8c00d1b575dc700c603446a9774fda2dcfc0de"},
    {file = "pyqt6_sip-13.10.2-cp312-cp312-macosx_10_9_universal2.whl", hash = "sha256:83e6a56d3e715f748557460600ec342cbd77af89ec89c4f2a68b185fa14ea46c"},
    {file = "pyqt6_sip-13.10.2-cp312-cp312-manylinux_2_17_aarch64.manylinux2014_aarch64.whl", hash = "sha256:4ccf197f8fa410e076936bee28ad9abadb450931d5be5625446fd20e0d8b27a6"},
    {file = "pyqt6_sip-13.10.2-cp312-cp312-manylinux_2_5_x86_64.manylinux1_x86_64.whl", hash = "sha256:37af463dcce39285e686d49523d376994d8a2508b9acccb7616c4b117c9c4ed7"},
    {file = "pyqt6_sip-13.10.2-cp312-cp312-win_amd64.whl", hash = "sha256:c7b34a495b92790c70eae690d9e816b53d3b625b45eeed6ae2c0fe24075a237e"},
    {file = "pyqt6_sip-13.10.2-cp312-cp312-win_arm64.whl", hash = "sha256:c80cc059d772c632f5319632f183e7578cd0976b9498682833035b18a3483e92"},
    {file = "pyqt6_sip-13.10.2-cp313-cp313-macosx_10_13_universal2.whl", hash = "sha256:8b5d06a0eac36038fa8734657d99b5fe92263ae7a0cd0a67be6acfe220a063e1"},
    {file = "pyqt6_sip-13.10.2-cp313-cp313-manylinux_2_17_aarch64.manylinux2014_aarch64.whl", hash = "sha256:ad376a6078da37b049fdf9d6637d71b52727e65c4496a80b753ddc8d27526aca"},
    {file = "pyqt6_sip-13.10.2-cp313-cp313-manylinux_2_5_x86_64.manylinux1_x86_64.whl", hash = "sha256:3dde8024d055f496eba7d44061c5a1ba4eb72fc95e5a9d7a0dbc908317e0888b"},
    {file = "pyqt6_sip-13.10.2-cp313-cp313-win_amd64.whl", hash = "sha256:0b097eb58b4df936c4a2a88a2f367c8bb5c20ff049a45a7917ad75d698e3b277"},
    {file = "pyqt6_sip-13.10.2-cp313-cp313-win_arm64.whl", hash = "sha256:cc6a1dfdf324efaac6e7b890a608385205e652845c62130de919fd73a6326244"},
    {file = "pyqt6_sip-13.10.2-cp39-cp39-macosx_10_9_universal2.whl", hash = "sha256:38b5823dca93377f8a4efac3cbfaa1d20229aa5b640c31cf6ebbe5c586333808"},
    {file = "pyqt6_sip-13.10.2-cp39-cp39-manylinux_2_17_aarch64.manylinux2014_aarch64.whl", hash = "sha256:5506b9a795098df3b023cc7d0a37f93d3224a9c040c43804d4bc06e0b2b742b0"},
    {file = "pyqt6_sip-13.10.2-cp39-cp39-manylinux_2_5_x86_64.manylinux1_x86_64.whl", hash = "sha256:e455a181d45a28ee8d18d42243d4f470d269e6ccdee60f2546e6e71218e05bb4"},
    {file = "pyqt6_sip-13.10.2-cp39-cp39-win_amd64.whl", hash = "sha256:9c67ed66e21b11e04ffabe0d93bc21df22e0a5d7e2e10ebc8c1d77d2f5042991"},
    {file = "pyqt6_sip-13.10.2.tar.gz", hash = "sha256:464ad156bf526500ce6bd05cac7a82280af6309974d816739b4a9a627156fafe"},
]

[[package]]
name = "pytest"
version = "8.4.1"
description = "pytest: simple powerful testing with Python"
optional = false
python-versions = ">=3.9"
groups = ["main"]
files = [
    {file = "pytest-8.4.1-py3-none-any.whl", hash = "sha256:539c70ba6fcead8e78eebbf1115e8b589e7565830d7d006a8723f19ac8a0afb7"},
    {file = "pytest-8.4.1.tar.gz", hash = "sha256:7c67fd69174877359ed9371ec3af8a3d2b04741818c51e5e99cc1742251fa93c"},
]

[package.dependencies]
colorama = {version = ">=0.4", markers = "sys_platform == \"win32\""}
iniconfig = ">=1"
packaging = ">=20"
pluggy = ">=1.5,<2"
pygments = ">=2.7.2"

[package.extras]
dev = ["argcomplete", "attrs (>=19.2)", "hypothesis (>=3.56)", "mock", "requests", "setuptools", "xmlschema"]

[[package]]
name = "pywin32-ctypes"
version = "0.2.3"
description = "A (partial) reimplementation of pywin32 using ctypes/cffi"
optional = false
python-versions = ">=3.6"
groups = ["main"]
markers = "sys_platform == \"win32\""
files = [
    {file = "pywin32-ctypes-0.2.3.tar.gz", hash = "sha256:d162dc04946d704503b2edc4d55f3dba5c1d539ead017afa00142c38b9885755"},
    {file = "pywin32_ctypes-0.2.3-py3-none-any.whl", hash = "sha256:8a1513379d709975552d202d942d9837758905c8d01eb82b8bcc30918929e7b8"},
]

[[package]]
name = "setuptools"
version = "80.9.0"
description = "Easily download, build, install, upgrade, and uninstall Python packages"
optional = false
python-versions = ">=3.9"
groups = ["main"]
files = [
    {file = "setuptools-80.9.0-py3-none-any.whl", hash = "sha256:062d34222ad13e0cc312a4c02d73f059e86a4acbfbdea8f8f76b28c99f306922"},
    {file = "setuptools-80.9.0.tar.gz", hash = "sha256:f36b47402ecde768dbfafc46e8e4207b4360c654f1f3bb84475f0a28628fb19c"},
]

[package.extras]
check = ["pytest-checkdocs (>=2.4)", "pytest-ruff (>=0.2.1) ; sys_platform != \"cygwin\"", "ruff (>=0.8.0) ; sys_platform != \"cygwin\""]
core = ["importlib_metadata (>=6) ; python_version < \"3.10\"", "jaraco.functools (>=4)", "jaraco.text (>=3.7)", "more_itertools", "more_itertools (>=8.8)", "packaging (>=24.2)", "platformdirs (>=4.2.2)", "tomli (>=2.0.1) ; python_version < \"3.11\"", "wheel (>=0.43.0)"]
cover = ["pytest-cov"]
doc = ["furo", "jaraco.packaging (>=9.3)", "jaraco.tidelift (>=1.4)", "pygments-github-lexers (==0.0.5)", "pyproject-hooks (!=1.1)", "rst.linker (>=1.9)", "sphinx (>=3.5)", "sphinx-favicon", "sphinx-inline-tabs", "sphinx-lint", "sphinx-notfound-page (>=1,<2)", "sphinx-reredirects", "sphinxcontrib-towncrier", "towncrier (<24.7)"]
enabler = ["pytest-enabler (>=2.2)"]
test = ["build[virtualenv] (>=1.0.3)", "filelock (>=3.4.0)", "ini2toml[lite] (>=0.14)", "jaraco.develop (>=7.21) ; python_version >= \"3.9\" and sys_platform != \"cygwin\"", "jaraco.envs (>=2.2)", "jaraco.path (>=3.7.2)", "jaraco.test (>=5.5)", "packaging (>=24.2)", "pip (>=19.1)", "pyproject-hooks (!=1.1)", "pytest (>=6,!=8.1.*)", "pytest-home (>=0.5)", "pytest-perf ; sys_platform != \"cygwin\"", "pytest-subprocess", "pytest-timeout", "pytest-xdist (>=3)", "tomli-w (>=1.0.0)", "virtualenv (>=13.0.0)", "wheel (>=0.44.0)"]
type = ["importlib_metadata (>=7.0.2) ; python_version < \"3.10\"", "jaraco.develop (>=7.21) ; sys_platform != \"cygwin\"", "mypy (==1.14.*)", "pytest-mypy"]

[metadata]
lock-version = "2.1"
python-versions = ">=3.13,<3.14"
content-hash = "0c194d81a68c6527485e43b09f65b864b6374f9293a4a5b6d6ef4ff0ff2a0b33"
